// !$*UTF8*$!
{
	archiveVersion = 1;
	classes = {
	};
	objectVersion = 46;
	objects = {

/* Begin PBXBuildFile section */
		043B9FA71A5B661C0046D920 /* main.c in Sources */ = {isa = PBXBuildFile; fileRef = 043B9FA61A5B661C0046D920 /* main.c */; };
		043B9FAF1A5B66260046D920 /* ylog.c in Sources */ = {isa = PBXBuildFile; fileRef = 043B9FAD1A5B66260046D920 /* ylog.c */; };
/* End PBXBuildFile section */

/* Begin PBXCopyFilesBuildPhase section */
		043B9FA11A5B661C0046D920 /* CopyFiles */ = {
			isa = PBXCopyFilesBuildPhase;
			buildActionMask = 2147483647;
			dstPath = /usr/share/man/man1/;
			dstSubfolderSpec = 0;
			files = (
			);
			runOnlyForDeploymentPostprocessing = 1;
		};
/* End PBXCopyFilesBuildPhase section */

/* Begin PBXFileReference section */
		043B9FA31A5B661C0046D920 /* ylog */ = {isa = PBXFileReference; explicitFileType = "compiled.mach-o.executable"; includeInIndex = 0; path = ylog; sourceTree = BUILT_PRODUCTS_DIR; };
		043B9FA61A5B661C0046D920 /* main.c */ = {isa = PBXFileReference; lastKnownFileType = sourcecode.c.c; path = main.c; sourceTree = "<group>"; };
		043B9FAD1A5B66260046D920 /* ylog.c */ = {isa = PBXFileReference; fileEncoding = 4; lastKnownFileType = sourcecode.c.c; path = ylog.c; sourceTree = "<group>"; };
		043B9FAE1A5B66260046D920 /* ylog.h */ = {isa = PBXFileReference; fileEncoding = 4; lastKnownFileType = sourcecode.c.h; path = ylog.h; sourceTree = "<group>"; };
/* End PBXFileReference section */

/* Begin PBXFrameworksBuildPhase section */
		043B9FA01A5B661C0046D920 /* Frameworks */ = {
			isa = PBXFrameworksBuildPhase;
			buildActionMask = 2147483647;
			files = (
			);
			runOnlyForDeploymentPostprocessing = 0;
		};
/* End PBXFrameworksBuildPhase section */

/* Begin PBXGroup section */
		043B9F9A1A5B661B0046D920 = {
			isa = PBXGroup;
			children = (
				043B9FA51A5B661C0046D920 /* ylog */,
				043B9FA41A5B661C0046D920 /* Products */,
			);
			sourceTree = "<group>";
		};
		043B9FA41A5B661C0046D920 /* Products */ = {
			isa = PBXGroup;
			children = (
				043B9FA31A5B661C0046D920 /* ylog */,
			);
			name = Products;
			sourceTree = "<group>";
		};
		043B9FA51A5B661C0046D920 /* ylog */ = {
			isa = PBXGroup;
			children = (
				043B9FA61A5B661C0046D920 /* main.c */,
				043B9FAD1A5B66260046D920 /* ylog.c */,
				043B9FAE1A5B66260046D920 /* ylog.h */,
			);
			path = ylog;
			sourceTree = "<group>";
		};
/* End PBXGroup section */

/* Begin PBXNativeTarget section */
		043B9FA21A5B661C0046D920 /* ylog */ = {
			isa = PBXNativeTarget;
			buildConfigurationList = 043B9FAA1A5B661C0046D920 /* Build configuration list for PBXNativeTarget "ylog" */;
			buildPhases = (
				043B9F9F1A5B661C0046D920 /* Sources */,
				043B9FA01A5B661C0046D920 /* Frameworks */,
				043B9FA11A5B661C0046D920 /* CopyFiles */,
			);
			buildRules = (
			);
			dependencies = (
			);
			name = ylog;
			productName = ylog;
			productReference = 043B9FA31A5B661C0046D920 /* ylog */;
			productType = "com.apple.product-type.tool";
		};
/* End PBXNativeTarget section */

/* Begin PBXProject section */
		043B9F9B1A5B661B0046D920 /* Project object */ = {
			isa = PBXProject;
			attributes = {
				LastUpgradeCheck = 0610;
				ORGANIZATIONNAME = pengyunchou;
				TargetAttributes = {
					043B9FA21A5B661C0046D920 = {
						CreatedOnToolsVersion = 6.1;
					};
				};
			};
			buildConfigurationList = 043B9F9E1A5B661B0046D920 /* Build configuration list for PBXProject "ylog" */;
			compatibilityVersion = "Xcode 3.2";
			developmentRegion = English;
			hasScannedForEncodings = 0;
			knownRegions = (
				en,
			);
			mainGroup = 043B9F9A1A5B661B0046D920;
			productRefGroup = 043B9FA41A5B661C0046D920 /* Products */;
			projectDirPath = "";
			projectRoot = "";
			targets = (
				043B9FA21A5B661C0046D920 /* ylog */,
			);
		};
/* End PBXProject section */

/* Begin PBXSourcesBuildPhase section */
		043B9F9F1A5B661C0046D920 /* Sources */ = {
			isa = PBXSourcesBuildPhase;
			buildActionMask = 2147483647;
			files = (
				043B9FAF1A5B66260046D920 /* ylog.c in Sources */,
				043B9FA71A5B661C0046D920 /* main.c in Sources */,
			);
			runOnlyForDeploymentPostprocessing = 0;
		};
/* End PBXSourcesBuildPhase section */

/* Begin XCBuildConfiguration section */
		043B9FA81A5B661C0046D920 /* Debug */ = {
			isa = XCBuildConfiguration;
			buildSettings = {
				ALWAYS_SEARCH_USER_PATHS = NO;
				CLANG_CXX_LANGUAGE_STANDARD = "gnu++0x";
				CLANG_CXX_LIBRARY = "libc++";
				CLANG_ENABLE_MODULES = YES;
				CLANG_ENABLE_OBJC_ARC = YES;
				CLANG_WARN_BOOL_CONVERSION = YES;
				CLANG_WARN_CONSTANT_CONVERSION = YES;
				CLANG_WARN_DIRECT_OBJC_ISA_USAGE = YES_ERROR;
				CLANG_WARN_EMPTY_BODY = YES;
				CLANG_WARN_ENUM_CONVERSION = YES;
				CLANG_WARN_INT_CONVERSION = YES;
				CLANG_WARN_OBJC_ROOT_CLASS = YES_ERROR;
				CLANG_WARN_UNREACHABLE_CODE = YES;
				CLANG_WARN__DUPLICATE_METHOD_MATCH = YES;
				COPY_PHASE_STRIP = NO;
				ENABLE_STRICT_OBJC_MSGSEND = YES;
				GCC_C_LANGUAGE_STANDARD = gnu99;
				GCC_DYNAMIC_NO_PIC = NO;
				GCC_OPTIMIZATION_LEVEL = 0;
				GCC_PREPROCESSOR_DEFINITIONS = (
					"DEBUG=1",
					"$(inherited)",
				);
				GCC_SYMBOLS_PRIVATE_EXTERN = NO;
				GCC_WARN_64_TO_32_BIT_CONVERSION = YES;
				GCC_WARN_ABOUT_RETURN_TYPE = YES_ERROR;
				GCC_WARN_UNDECLARED_SELECTOR = YES;
				GCC_WARN_UNINITIALIZED_AUTOS = YES_AGGRESSIVE;
				GCC_WARN_UNUSED_FUNCTION = YES;
				GCC_WARN_UNUSED_VARIABLE = YES;
				MACOSX_DEPLOYMENT_TARGET = 10.9;
				MTL_ENABLE_DEBUG_INFO = YES;
				ONLY_ACTIVE_ARCH = YES;
				SDKROOT = macosx;
			};
			name = Debug;
		};
		043B9FA91A5B661C0046D920 /* Release */ = {
			isa = XCBuildConfiguration;
			buildSettings = {
				ALWAYS_SEARCH_USER_PATHS = NO;
				CLANG_CXX_LANGUAGE_STANDARD = "gnu++0x";
				CLANG_CXX_LIBRARY = "libc++";
				CLANG_ENABLE_MODULES = YES;
				CLANG_ENABLE_OBJC_ARC = YES;
				CLANG_WARN_BOOL_CONVERSION = YES;
				CLANG_WARN_CONSTANT_CONVERSION = YES;
				CLANG_WARN_DIRECT_OBJC_ISA_USAGE = YES_ERROR;
				CLANG_WARN_EMPTY_BODY = YES;
				CLANG_WARN_ENUM_CONVERSION = YES;
				CLANG_WARN_INT_CONVERSION = YES;
				CLANG_WARN_OBJC_ROOT_CLASS = YES_ERROR;
				CLANG_WARN_UNREACHABLE_CODE = YES;
				CLANG_WARN__DUPLICATE_METHOD_MATCH = YES;
				COPY_PHASE_STRIP = YES;
				DEBUG_INFORMATION_FORMAT = "dwarf-with-dsym";
				ENABLE_NS_ASSERTIONS = NO;
				ENABLE_STRICT_OBJC_MSGSEND = YES;
				GCC_C_LANGUAGE_STANDARD = gnu99;
				GCC_WARN_64_TO_32_BIT_CONVERSION = YES;
				GCC_WARN_ABOUT_RETURN_TYPE = YES_ERROR;
				GCC_WARN_UNDECLARED_SELECTOR = YES;
				GCC_WARN_UNINITIALIZED_AUTOS = YES_AGGRESSIVE;
				GCC_WARN_UNUSED_FUNCTION = YES;
				GCC_WARN_UNUSED_VARIABLE = YES;
				MACOSX_DEPLOYMENT_TARGET = 10.9;
				MTL_ENABLE_DEBUG_INFO = NO;
				SDKROOT = macosx;
			};
			name = Release;
		};
		043B9FAB1A5B661C0046D920 /* Debug */ = {
			isa = XCBuildConfiguration;
			buildSettings = {
				PRODUCT_NAME = "$(TARGET_NAME)";
			};
			name = Debug;
		};
		043B9FAC1A5B661C0046D920 /* Release */ = {
			isa = XCBuildConfiguration;
			buildSettings = {
				PRODUCT_NAME = "$(TARGET_NAME)";
			};
			name = Release;
		};
/* End XCBuildConfiguration section */

/* Begin XCConfigurationList section */
		043B9F9E1A5B661B0046D920 /* Build configuration list for PBXProject "ylog" */ = {
			isa = XCConfigurationList;
			buildConfigurations = (
				043B9FA81A5B661C0046D920 /* Debug */,
				043B9FA91A5B661C0046D920 /* Release */,
			);
			defaultConfigurationIsVisible = 0;
			defaultConfigurationName = Release;
		};
		043B9FAA1A5B661C0046D920 /* Build configuration list for PBXNativeTarget "ylog" */ = {
			isa = XCConfigurationList;
			buildConfigurations = (
				043B9FAB1A5B661C0046D920 /* Debug */,
				043B9FAC1A5B661C0046D920 /* Release */,
			);
			defaultConfigurationIsVisible = 0;
		};
/* End XCConfigurationList section */
	};
	rootObject = 043B9F9B1A5B661B0046D920 /* Project object */;
}
